<?xml version="1.0" encoding="utf-8"?>
<Project ToolsVersion="4.0" xmlns="http://schemas.microsoft.com/developer/msbuild/2003">
  <ItemGroup>
    <FxCompile Include="Resources\Shaders\PixelShader.hlsl" />
    <FxCompile Include="Resources\Shaders\VertexShader.hlsl" />
    <FxCompile Include="Resources\Shaders\RenderUI_COMP.hlsl" />
    <FxCompile Include="Resources\Shaders\skybox_VS.hlsl" />
    <FxCompile Include="Resources\Shaders\skybox_PS.hlsl" />
    <FxCompile Include="Resources\Shaders\RenderTextUI_COMP.hlsl" />
  </ItemGroup>
  <ItemGroup>
    <ClCompile Include="Engine\Components\Collider.cpp" />
    <ClCompile Include="Engine\Components\Camera.cpp" />
    <ClCompile Include="Engine\Components\Component.cpp" />
    <ClCompile Include="Engine\ECS.cpp" />
    <ClCompile Include="Engine\Engine.cpp" />
    <ClCompile Include="Engine\Application\Input.cpp" />
    <ClCompile Include="Engine\GameObject.cpp" />
    <ClCompile Include="Engine\Dev\Log.cpp" />
    <ClCompile Include="Engine\Components\Light.cpp" />
    <ClCompile Include="Engine\Components\MeshComp.cpp" />
    <ClCompile Include="Engine\Components\ParticleEmitter.cpp" />
    <ClCompile Include="Engine\Graphics\Buffer.cpp" />
    <ClCompile Include="Engine\Graphics\ConstantBuffer.cpp" />
    <ClCompile Include="Engine\Graphics\IndexBuffer.cpp" />
    <ClCompile Include="Engine\Graphics\VertexBuffer.cpp" />
    <ClCompile Include="Engine\Graphics\MeshData.cpp" />
    <ClCompile Include="Engine\Graphics\InputLayoutDesc.cpp" />
    <ClCompile Include="Engine\Graphics\Shaders\PixelShader.cpp" />
    <ClCompile Include="Engine\Settings.cpp" />
    <ClCompile Include="ProjectSpecifics\Scenes\MenuScene.cpp" />
    <ClCompile Include="ProjectSpecifics\Scenes\GameScene.cpp" />
    <ClCompile Include="Main.cpp" />
    <ClCompile Include="Engine\Application\Window.cpp" />
    <ClCompile Include="Engine\Graphics\Renderer.cpp" />
    <ClCompile Include="Engine\Application\SceneHandler.cpp" />
    <ClCompile Include="Engine\Application\Scene.cpp" />
    <ClCompile Include="Engine\Components\Transform.cpp" />
    <ClCompile Include="Engine\Components\Rigidbody.cpp" />
    <ClCompile Include="Engine\Components\Script.cpp" />
    <ClCompile Include="Engine\Graphics\StructuredBuffer.cpp" />
    <ClCompile Include="Engine\Graphics\Shaders\Shader.cpp" />
    <ClCompile Include="Engine\Graphics\Shaders\VertexShader.cpp" />
    <ClCompile Include="Engine\Time.cpp" />
    <ClCompile Include="Engine\Graphics\Mesh.cpp" />
    <ClCompile Include="Engine\Graphics\Texture.cpp" />
    <ClCompile Include="Engine\Graphics\SRV.cpp" />
    <ClCompile Include="ProjectSpecifics\Scripts\Player.cpp" />
    <ClCompile Include="Engine\Resources.cpp" />
    <ClCompile Include="Engine\Graphics\Material.cpp" />
    <ClCompile Include="Engine\UI\Button.cpp" />
    <ClCompile Include="Engine\Graphics\Shaders\ComputeShader.cpp" />
    <ClCompile Include="Engine\Graphics\UIRenderer.cpp" />
    <ClCompile Include="Engine\Graphics\UAV.cpp" />
    <ClCompile Include="Engine\ResTranslator.cpp" />
    <ClCompile Include="Engine\Graphics\MeshLoader.cpp" />
    <ClCompile Include="Engine\SMath.cpp" />
    <ClCompile Include="ProjectSpecifics\Tools\LevelLoader.cpp" />
    <ClCompile Include="Engine\Physics\PhysicsEngine.cpp" />
    <ClCompile Include="Engine\Physics\BoundingVolumes.cpp" />
    <ClCompile Include="Engine\Dev\Str.cpp" />
    <ClCompile Include="Engine\UI\Slider.cpp" />
    <ClCompile Include="ProjectSpecifics\Scenes\SettingsScene.cpp" />
    <ClCompile Include="Engine\Graphics\Skybox.cpp" />
    <ClCompile Include="Engine\Graphics\CubeMap.cpp" />
  </ItemGroup>
  <ItemGroup>
    <ClInclude Include="Engine\Dev\Helpers.h" />
    <ClInclude Include="Engine\Graphics\ConstantBuffer.h" />
    <ClInclude Include="Engine\Graphics\Buffer.h" />
    <ClInclude Include="Engine\Components\Collider.h" />
    <ClInclude Include="Engine\Components\Camera.h" />
    <ClInclude Include="Engine\Components\Component.h" />
    <ClInclude Include="Engine\ECS.h" />
    <ClInclude Include="Engine\Engine.h" />
    <ClInclude Include="Engine\Application\Window.h" />
    <ClInclude Include="Engine\Graphics\IndexBuffer.h" />
    <ClInclude Include="Engine\Graphics\Renderer.h" />
    <ClInclude Include="Engine\Application\Input.h" />
    <ClInclude Include="Engine\Application\SceneHandler.h" />
    <ClInclude Include="Engine\Application\Scene.h" />
    <ClInclude Include="Engine\GameObject.h" />
    <ClInclude Include="Engine\Dev\Log.h" />
    <ClInclude Include="Engine\Components\Light.h" />
    <ClInclude Include="Engine\Components\MeshComp.h" />
    <ClInclude Include="Engine\Components\ParticleEmitter.h" />
    <ClInclude Include="Engine\Graphics\MeshData.h" />
    <ClInclude Include="Engine\Graphics\InputLayoutDesc.h" />
    <ClInclude Include="Engine\Graphics\Shaders\PixelShader.h" />
    <ClInclude Include="Engine\Settings.h" />
    <ClInclude Include="ProjectSpecifics\Scenes\MenuScene.h" />
    <ClInclude Include="ProjectSpecifics\Scenes\GameScene.h" />
    <ClInclude Include="Engine\Components\Transform.h" />
    <ClInclude Include="Engine\Components\Rigidbody.h" />
    <ClInclude Include="Engine\Components\Script.h" />
    <ClInclude Include="Engine\Graphics\VertexBuffer.h" />
    <ClInclude Include="Engine\Graphics\StructuredBuffer.h" />
    <ClInclude Include="Engine\Graphics\Shaders\Shader.h" />
    <ClInclude Include="Engine\Graphics\Shaders\VertexShader.h" />
    <ClInclude Include="Engine\Time.h" />
    <ClInclude Include="Engine\Graphics\Mesh.h" />
    <ClInclude Include="Engine\Graphics\Texture.h" />
    <ClInclude Include="Engine\Graphics\SRV.h" />
    <ClInclude Include="ProjectSpecifics\Scripts\Player.h" />
    <ClInclude Include="Engine\Resources.h" />
    <ClInclude Include="Engine\Graphics\Material.h" />
    <ClInclude Include="Engine\UI\Button.h" />
    <ClInclude Include="Engine\Graphics\Shaders\ComputeShader.h" />
    <ClInclude Include="Engine\Graphics\UIRenderer.h" />
    <ClInclude Include="Engine\Graphics\UAV.h" />
    <ClInclude Include="Engine\ResTranslator.h" />
    <ClInclude Include="Engine\Graphics\MeshLoader.h" />
    <ClInclude Include="Engine\Components\Componentpch.h" />
    <ClInclude Include="Engine\SMath.h" />
    <ClInclude Include="ProjectSpecifics\Tools\LevelLoader.h" />
    <ClInclude Include="Engine\Physics\PhysicsEngine.h" />
    <ClInclude Include="Engine\Physics\BoundingVolumes.h" />
    <ClInclude Include="Engine\Dev\Str.h" />
    <ClInclude Include="Engine\UI\Slider.h" />
    <ClInclude Include="ProjectSpecifics\Scenes\SettingsScene.h" />
    <ClInclude Include="Engine\Graphics\Skybox.h" />
    <ClInclude Include="Engine\Graphics\CubeMap.h" />
  </ItemGroup>
  <ItemGroup>
    <Text Include="Settings.txt" />
  </ItemGroup>
  <ItemGroup>
    <None Include="packages.config" />
  </ItemGroup>
</Project>